# THIS IS AN AUTOGENERATED FILE. DO NOT EDIT THIS FILE DIRECTLY.
# yarn lockfile v1


"@types/node@^12.11.1":
  version "12.11.1"
  resolved "https://registry.npm.taobao.org/@types/node/download/@types/node-12.11.1.tgz?cache=0&sync_timestamp=1571184062736&other_urls=https%3A%2F%2Fregistry.npm.taobao.org%2F%40types%2Fnode%2Fdownload%2F%40types%2Fnode-12.11.1.tgz#1fd7b821f798b7fa29f667a1be8f3442bb8922a3"
  integrity sha1-H9e4IfeYt/op9mehvo80QruJIqM=

typescript@^3.6.4:
  version "3.6.4"
  resolved "https://registry.npm.taobao.org/typescript/download/typescript-3.6.4.tgz?cache=0&sync_timestamp=1571206721446&other_urls=https%3A%2F%2Fregistry.npm.taobao.org%2Ftypescript%2Fdownload%2Ftypescript-3.6.4.tgz#b18752bb3792bc1a0281335f7f6ebf1bbfc5b91d"
  integrity sha1-sYdSuzeSvBoCgTNff26/G7/FuR0=
